// !$*UTF8*$!
{
	archiveVersion = 1;
	classes = {
	};
	objectVersion = 50;
	objects = {

/* Begin PBXBuildFile section */
		518EF00D20CFCC61000BE50F /* AppDelegate.swift in Sources */ = {isa = PBXBuildFile; fileRef = 518EF00C20CFCC61000BE50F /* AppDelegate.swift */; };
		518EF01420CFCC64000BE50F /* Assets.xcassets in Resources */ = {isa = PBXBuildFile; fileRef = 518EF01320CFCC64000BE50F /* Assets.xcassets */; };
		518EF01720CFCC64000BE50F /* LaunchScreen.storyboard in Resources */ = {isa = PBXBuildFile; fileRef = 518EF01520CFCC64000BE50F /* LaunchScreen.storyboard */; };
		518EF04A20CFE4A0000BE50F /* Coordinator.swift in Sources */ = {isa = PBXBuildFile; fileRef = 518EF04920CFE4A0000BE50F /* Coordinator.swift */; };
		518EF04C20CFE4FB000BE50F /* AppCoordinator.swift in Sources */ = {isa = PBXBuildFile; fileRef = 518EF04B20CFE4FB000BE50F /* AppCoordinator.swift */; };
		518EF05020CFE889000BE50F /* Overview.storyboard in Resources */ = {isa = PBXBuildFile; fileRef = 518EF04F20CFE889000BE50F /* Overview.storyboard */; };
		518EF05220CFE8B0000BE50F /* OverviewTableViewController.swift in Sources */ = {isa = PBXBuildFile; fileRef = 518EF05120CFE8B0000BE50F /* OverviewTableViewController.swift */; };
		518EF05420CFEAFE000BE50F /* OverviewDetailsViewController.swift in Sources */ = {isa = PBXBuildFile; fileRef = 518EF05320CFEAFE000BE50F /* OverviewDetailsViewController.swift */; };
		518EF05620CFEB4B000BE50F /* OverviewViewModel.swift in Sources */ = {isa = PBXBuildFile; fileRef = 518EF05520CFEB4B000BE50F /* OverviewViewModel.swift */; };
		518EF05820CFEB56000BE50F /* OverviewItem.swift in Sources */ = {isa = PBXBuildFile; fileRef = 518EF05720CFEB56000BE50F /* OverviewItem.swift */; };
		518EF05A20CFF408000BE50F /* OverviewCoordinator.swift in Sources */ = {isa = PBXBuildFile; fileRef = 518EF05920CFF408000BE50F /* OverviewCoordinator.swift */; };
		518EF06020CFF831000BE50F /* OverviewCoordinatorDelegates.swift in Sources */ = {isa = PBXBuildFile; fileRef = 518EF05F20CFF831000BE50F /* OverviewCoordinatorDelegates.swift */; };
		518EF06620D00908000BE50F /* Login.storyboard in Resources */ = {isa = PBXBuildFile; fileRef = 518EF06520D00908000BE50F /* Login.storyboard */; };
		518EF06820D00979000BE50F /* LoginViewController.swift in Sources */ = {isa = PBXBuildFile; fileRef = 518EF06720D00979000BE50F /* LoginViewController.swift */; };
		518EF06A20D00DFC000BE50F /* LoginCoordinator.swift in Sources */ = {isa = PBXBuildFile; fileRef = 518EF06920D00DFC000BE50F /* LoginCoordinator.swift */; };
		518EF06C20D00E76000BE50F /* LoginCoordinatorDelegates.swift in Sources */ = {isa = PBXBuildFile; fileRef = 518EF06B20D00E76000BE50F /* LoginCoordinatorDelegates.swift */; };
		518EF06E20D00F4C000BE50F /* AppCoordinatorDelegates.swift in Sources */ = {isa = PBXBuildFile; fileRef = 518EF06D20D00F4C000BE50F /* AppCoordinatorDelegates.swift */; };
		518EF07020D0119C000BE50F /* Credentials.swift in Sources */ = {isa = PBXBuildFile; fileRef = 518EF06F20D0119C000BE50F /* Credentials.swift */; };
/* End PBXBuildFile section */

/* Begin PBXFileReference section */
		518EF00920CFCC61000BE50F /* CoordinatorPattern.app */ = {isa = PBXFileReference; explicitFileType = wrapper.application; includeInIndex = 0; path = CoordinatorPattern.app; sourceTree = BUILT_PRODUCTS_DIR; };
		518EF00C20CFCC61000BE50F /* AppDelegate.swift */ = {isa = PBXFileReference; lastKnownFileType = sourcecode.swift; path = AppDelegate.swift; sourceTree = "<group>"; };
		518EF01320CFCC64000BE50F /* Assets.xcassets */ = {isa = PBXFileReference; lastKnownFileType = folder.assetcatalog; path = Assets.xcassets; sourceTree = "<group>"; };
		518EF01620CFCC64000BE50F /* Base */ = {isa = PBXFileReference; lastKnownFileType = file.storyboard; name = Base; path = Base.lproj/LaunchScreen.storyboard; sourceTree = "<group>"; };
		518EF01820CFCC64000BE50F /* Info.plist */ = {isa = PBXFileReference; lastKnownFileType = text.plist.xml; path = Info.plist; sourceTree = "<group>"; };
		518EF04920CFE4A0000BE50F /* Coordinator.swift */ = {isa = PBXFileReference; lastKnownFileType = sourcecode.swift; path = Coordinator.swift; sourceTree = "<group>"; };
		518EF04B20CFE4FB000BE50F /* AppCoordinator.swift */ = {isa = PBXFileReference; lastKnownFileType = sourcecode.swift; path = AppCoordinator.swift; sourceTree = "<group>"; };
		518EF04F20CFE889000BE50F /* Overview.storyboard */ = {isa = PBXFileReference; lastKnownFileType = file.storyboard; path = Overview.storyboard; sourceTree = "<group>"; };
		518EF05120CFE8B0000BE50F /* OverviewTableViewController.swift */ = {isa = PBXFileReference; lastKnownFileType = sourcecode.swift; path = OverviewTableViewController.swift; sourceTree = "<group>"; };
		518EF05320CFEAFE000BE50F /* OverviewDetailsViewController.swift */ = {isa = PBXFileReference; lastKnownFileType = sourcecode.swift; path = OverviewDetailsViewController.swift; sourceTree = "<group>"; };
		518EF05520CFEB4B000BE50F /* OverviewViewModel.swift */ = {isa = PBXFileReference; lastKnownFileType = sourcecode.swift; path = OverviewViewModel.swift; sourceTree = "<group>"; };
		518EF05720CFEB56000BE50F /* OverviewItem.swift */ = {isa = PBXFileReference; lastKnownFileType = sourcecode.swift; path = OverviewItem.swift; sourceTree = "<group>"; };
		518EF05920CFF408000BE50F /* OverviewCoordinator.swift */ = {isa = PBXFileReference; lastKnownFileType = sourcecode.swift; path = OverviewCoordinator.swift; sourceTree = "<group>"; };
		518EF05F20CFF831000BE50F /* OverviewCoordinatorDelegates.swift */ = {isa = PBXFileReference; lastKnownFileType = sourcecode.swift; path = OverviewCoordinatorDelegates.swift; sourceTree = "<group>"; };
		518EF06520D00908000BE50F /* Login.storyboard */ = {isa = PBXFileReference; lastKnownFileType = file.storyboard; path = Login.storyboard; sourceTree = "<group>"; };
		518EF06720D00979000BE50F /* LoginViewController.swift */ = {isa = PBXFileReference; lastKnownFileType = sourcecode.swift; path = LoginViewController.swift; sourceTree = "<group>"; };
		518EF06920D00DFC000BE50F /* LoginCoordinator.swift */ = {isa = PBXFileReference; lastKnownFileType = sourcecode.swift; path = LoginCoordinator.swift; sourceTree = "<group>"; };
		518EF06B20D00E76000BE50F /* LoginCoordinatorDelegates.swift */ = {isa = PBXFileReference; lastKnownFileType = sourcecode.swift; path = LoginCoordinatorDelegates.swift; sourceTree = "<group>"; };
		518EF06D20D00F4C000BE50F /* AppCoordinatorDelegates.swift */ = {isa = PBXFileReference; lastKnownFileType = sourcecode.swift; path = AppCoordinatorDelegates.swift; sourceTree = "<group>"; };
		518EF06F20D0119C000BE50F /* Credentials.swift */ = {isa = PBXFileReference; lastKnownFileType = sourcecode.swift; path = Credentials.swift; sourceTree = "<group>"; };
/* End PBXFileReference section */

/* Begin PBXFrameworksBuildPhase section */
		518EF00620CFCC61000BE50F /* Frameworks */ = {
			isa = PBXFrameworksBuildPhase;
			buildActionMask = 2147483647;
			files = (
			);
			runOnlyForDeploymentPostprocessing = 0;
		};
/* End PBXFrameworksBuildPhase section */

/* Begin PBXGroup section */
		518EF00020CFCC61000BE50F = {
			isa = PBXGroup;
			children = (
				518EF00B20CFCC61000BE50F /* CoordinatorPattern */,
				518EF00A20CFCC61000BE50F /* Products */,
			);
			sourceTree = "<group>";
		};
		518EF00A20CFCC61000BE50F /* Products */ = {
			isa = PBXGroup;
			children = (
				518EF00920CFCC61000BE50F /* CoordinatorPattern.app */,
			);
			name = Products;
			sourceTree = "<group>";
		};
		518EF00B20CFCC61000BE50F /* CoordinatorPattern */ = {
			isa = PBXGroup;
			children = (
				518EF00C20CFCC61000BE50F /* AppDelegate.swift */,
				518EF04B20CFE4FB000BE50F /* AppCoordinator.swift */,
				518EF06D20D00F4C000BE50F /* AppCoordinatorDelegates.swift */,
				518EF04820CFE48C000BE50F /* CoordinatorLogic */,
				518EF04E20CFE5D2000BE50F /* Login */,
				518EF04D20CFE5CA000BE50F /* Overview */,
				518EF01320CFCC64000BE50F /* Assets.xcassets */,
				518EF01520CFCC64000BE50F /* LaunchScreen.storyboard */,
				518EF01820CFCC64000BE50F /* Info.plist */,
			);
			path = CoordinatorPattern;
			sourceTree = "<group>";
		};
		518EF04820CFE48C000BE50F /* CoordinatorLogic */ = {
			isa = PBXGroup;
			children = (
				518EF04920CFE4A0000BE50F /* Coordinator.swift */,
			);
			path = CoordinatorLogic;
			sourceTree = "<group>";
		};
		518EF04D20CFE5CA000BE50F /* Overview */ = {
			isa = PBXGroup;
			children = (
				518EF05B20CFF801000BE50F /* Coordinator */,
				518EF04F20CFE889000BE50F /* Overview.storyboard */,
				518EF05E20CFF81F000BE50F /* ViewController */,
				518EF05C20CFF80F000BE50F /* ViewModel */,
				518EF05D20CFF81A000BE50F /* Model */,
			);
			path = Overview;
			sourceTree = "<group>";
		};
		518EF04E20CFE5D2000BE50F /* Login */ = {
			isa = PBXGroup;
			children = (
				518EF06120D008E0000BE50F /* Coordinator */,
				518EF06520D00908000BE50F /* Login.storyboard */,
				518EF06220D008EA000BE50F /* ViewController */,
				518EF06420D008FD000BE50F /* Model */,
			);
			path = Login;
			sourceTree = "<group>";
		};
		518EF05B20CFF801000BE50F /* Coordinator */ = {
			isa = PBXGroup;
			children = (
				518EF05920CFF408000BE50F /* OverviewCoordinator.swift */,
				518EF05F20CFF831000BE50F /* OverviewCoordinatorDelegates.swift */,
			);
			path = Coordinator;
			sourceTree = "<group>";
		};
		518EF05C20CFF80F000BE50F /* ViewModel */ = {
			isa = PBXGroup;
			children = (
				518EF05520CFEB4B000BE50F /* OverviewViewModel.swift */,
			);
			path = ViewModel;
			sourceTree = "<group>";
		};
		518EF05D20CFF81A000BE50F /* Model */ = {
			isa = PBXGroup;
			children = (
				518EF05720CFEB56000BE50F /* OverviewItem.swift */,
			);
			path = Model;
			sourceTree = "<group>";
		};
		518EF05E20CFF81F000BE50F /* ViewController */ = {
			isa = PBXGroup;
			children = (
				518EF05120CFE8B0000BE50F /* OverviewTableViewController.swift */,
				518EF05320CFEAFE000BE50F /* OverviewDetailsViewController.swift */,
			);
			path = ViewController;
			sourceTree = "<group>";
		};
		518EF06120D008E0000BE50F /* Coordinator */ = {
			isa = PBXGroup;
			children = (
				518EF06920D00DFC000BE50F /* LoginCoordinator.swift */,
				518EF06B20D00E76000BE50F /* LoginCoordinatorDelegates.swift */,
			);
			path = Coordinator;
			sourceTree = "<group>";
		};
		518EF06220D008EA000BE50F /* ViewController */ = {
			isa = PBXGroup;
			children = (
				518EF06720D00979000BE50F /* LoginViewController.swift */,
			);
			path = ViewController;
			sourceTree = "<group>";
		};
		518EF06420D008FD000BE50F /* Model */ = {
			isa = PBXGroup;
			children = (
				518EF06F20D0119C000BE50F /* Credentials.swift */,
			);
			path = Model;
			sourceTree = "<group>";
		};
/* End PBXGroup section */

/* Begin PBXNativeTarget section */
		518EF00820CFCC61000BE50F /* CoordinatorPattern */ = {
			isa = PBXNativeTarget;
			buildConfigurationList = 518EF03120CFCC65000BE50F /* Build configuration list for PBXNativeTarget "CoordinatorPattern" */;
			buildPhases = (
				518EF00520CFCC61000BE50F /* Sources */,
				518EF00620CFCC61000BE50F /* Frameworks */,
				518EF00720CFCC61000BE50F /* Resources */,
			);
			buildRules = (
			);
			dependencies = (
			);
			name = CoordinatorPattern;
			productName = CoordinatorPattern;
			productReference = 518EF00920CFCC61000BE50F /* CoordinatorPattern.app */;
			productType = "com.apple.product-type.application";
		};
/* End PBXNativeTarget section */

/* Begin PBXProject section */
		518EF00120CFCC61000BE50F /* Project object */ = {
			isa = PBXProject;
			attributes = {
				LastSwiftUpdateCheck = 0940;
				LastUpgradeCheck = 0940;
				ORGANIZATIONNAME = "Maurice Fahn";
				TargetAttributes = {
					518EF00820CFCC61000BE50F = {
						CreatedOnToolsVersion = 9.4;
					};
				};
			};
			buildConfigurationList = 518EF00420CFCC61000BE50F /* Build configuration list for PBXProject "CoordinatorPattern" */;
			compatibilityVersion = "Xcode 9.3";
			developmentRegion = en;
			hasScannedForEncodings = 0;
			knownRegions = (
				en,
				Base,
			);
			mainGroup = 518EF00020CFCC61000BE50F;
			productRefGroup = 518EF00A20CFCC61000BE50F /* Products */;
			projectDirPath = "";
			projectRoot = "";
			targets = (
				518EF00820CFCC61000BE50F /* CoordinatorPattern */,
			);
		};
/* End PBXProject section */

/* Begin PBXResourcesBuildPhase section */
		518EF00720CFCC61000BE50F /* Resources */ = {
			isa = PBXResourcesBuildPhase;
			buildActionMask = 2147483647;
			files = (
				518EF06620D00908000BE50F /* Login.storyboard in Resources */,
				518EF01720CFCC64000BE50F /* LaunchScreen.storyboard in Resources */,
				518EF01420CFCC64000BE50F /* Assets.xcassets in Resources */,
				518EF05020CFE889000BE50F /* Overview.storyboard in Resources */,
			);
			runOnlyForDeploymentPostprocessing = 0;
		};
/* End PBXResourcesBuildPhase section */

/* Begin PBXSourcesBuildPhase section */
		518EF00520CFCC61000BE50F /* Sources */ = {
			isa = PBXSourcesBuildPhase;
			buildActionMask = 2147483647;
			files = (
				518EF04C20CFE4FB000BE50F /* AppCoordinator.swift in Sources */,
				518EF04A20CFE4A0000BE50F /* Coordinator.swift in Sources */,
				518EF05420CFEAFE000BE50F /* OverviewDetailsViewController.swift in Sources */,
				518EF05220CFE8B0000BE50F /* OverviewTableViewController.swift in Sources */,
				518EF06020CFF831000BE50F /* OverviewCoordinatorDelegates.swift in Sources */,
				518EF06C20D00E76000BE50F /* LoginCoordinatorDelegates.swift in Sources */,
				518EF05620CFEB4B000BE50F /* OverviewViewModel.swift in Sources */,
				518EF06A20D00DFC000BE50F /* LoginCoordinator.swift in Sources */,
				518EF05820CFEB56000BE50F /* OverviewItem.swift in Sources */,
				518EF05A20CFF408000BE50F /* OverviewCoordinator.swift in Sources */,
				518EF07020D0119C000BE50F /* Credentials.swift in Sources */,
				518EF06E20D00F4C000BE50F /* AppCoordinatorDelegates.swift in Sources */,
				518EF00D20CFCC61000BE50F /* AppDelegate.swift in Sources */,
				518EF06820D00979000BE50F /* LoginViewController.swift in Sources */,
			);
			runOnlyForDeploymentPostprocessing = 0;
		};
/* End PBXSourcesBuildPhase section */

/* Begin PBXVariantGroup section */
		518EF01520CFCC64000BE50F /* LaunchScreen.storyboard */ = {
			isa = PBXVariantGroup;
			children = (
				518EF01620CFCC64000BE50F /* Base */,
			);
			name = LaunchScreen.storyboard;
			sourceTree = "<group>";
		};
/* End PBXVariantGroup section */

/* Begin XCBuildConfiguration section */
		518EF02F20CFCC65000BE50F /* Debug */ = {
			isa = XCBuildConfiguration;
			buildSettings = {
				ALWAYS_SEARCH_USER_PATHS = NO;
				CLANG_ANALYZER_NONNULL = YES;
				CLANG_ANALYZER_NUMBER_OBJECT_CONVERSION = YES_AGGRESSIVE;
				CLANG_CXX_LANGUAGE_STANDARD = "gnu++14";
				CLANG_CXX_LIBRARY = "libc++";
				CLANG_ENABLE_MODULES = YES;
				CLANG_ENABLE_OBJC_ARC = YES;
				CLANG_ENABLE_OBJC_WEAK = YES;
				CLANG_WARN_BLOCK_CAPTURE_AUTORELEASING = YES;
				CLANG_WARN_BOOL_CONVERSION = YES;
				CLANG_WARN_COMMA = YES;
				CLANG_WARN_CONSTANT_CONVERSION = YES;
				CLANG_WARN_DEPRECATED_OBJC_IMPLEMENTATIONS = YES;
				CLANG_WARN_DIRECT_OBJC_ISA_USAGE = YES_ERROR;
				CLANG_WARN_DOCUMENTATION_COMMENTS = YES;
				CLANG_WARN_EMPTY_BODY = YES;
				CLANG_WARN_ENUM_CONVERSION = YES;
				CLANG_WARN_INFINITE_RECURSION = YES;
				CLANG_WARN_INT_CONVERSION = YES;
				CLANG_WARN_NON_LITERAL_NULL_CONVERSION = YES;
				CLANG_WARN_OBJC_IMPLICIT_RETAIN_SELF = YES;
				CLANG_WARN_OBJC_LITERAL_CONVERSION = YES;
				CLANG_WARN_OBJC_ROOT_CLASS = YES_ERROR;
				CLANG_WARN_RANGE_LOOP_ANALYSIS = YES;
				CLANG_WARN_STRICT_PROTOTYPES = YES;
				CLANG_WARN_SUSPICIOUS_MOVE = YES;
				CLANG_WARN_UNGUARDED_AVAILABILITY = YES_AGGRESSIVE;
				CLANG_WARN_UNREACHABLE_CODE = YES;
				CLANG_WARN__DUPLICATE_METHOD_MATCH = YES;
				CODE_SIGN_IDENTITY = "iPhone Developer";
				COPY_PHASE_STRIP = NO;
				DEBUG_INFORMATION_FORMAT = dwarf;
				ENABLE_STRICT_OBJC_MSGSEND = YES;
				ENABLE_TESTABILITY = YES;
				GCC_C_LANGUAGE_STANDARD = gnu11;
				GCC_DYNAMIC_NO_PIC = NO;
				GCC_NO_COMMON_BLOCKS = YES;
				GCC_OPTIMIZATION_LEVEL = 0;
				GCC_PREPROCESSOR_DEFINITIONS = (
					"DEBUG=1",
					"$(inherited)",
				);
				GCC_WARN_64_TO_32_BIT_CONVERSION = YES;
				GCC_WARN_ABOUT_RETURN_TYPE = YES_ERROR;
				GCC_WARN_UNDECLARED_SELECTOR = YES;
				GCC_WARN_UNINITIALIZED_AUTOS = YES_AGGRESSIVE;
				GCC_WARN_UNUSED_FUNCTION = YES;
				GCC_WARN_UNUSED_VARIABLE = YES;
				IPHONEOS_DEPLOYMENT_TARGET = 11.4;
				MTL_ENABLE_DEBUG_INFO = YES;
				ONLY_ACTIVE_ARCH = YES;
				SDKROOT = iphoneos;
				SWIFT_ACTIVE_COMPILATION_CONDITIONS = DEBUG;
				SWIFT_OPTIMIZATION_LEVEL = "-Onone";
			};
			name = Debug;
		};
		518EF03020CFCC65000BE50F /* Release */ = {
			isa = XCBuildConfiguration;
			buildSettings = {
				ALWAYS_SEARCH_USER_PATHS = NO;
				CLANG_ANALYZER_NONNULL = YES;
				CLANG_ANALYZER_NUMBER_OBJECT_CONVERSION = YES_AGGRESSIVE;
				CLANG_CXX_LANGUAGE_STANDARD = "gnu++14";
				CLANG_CXX_LIBRARY = "libc++";
				CLANG_ENABLE_MODULES = YES;
				CLANG_ENABLE_OBJC_ARC = YES;
				CLANG_ENABLE_OBJC_WEAK = YES;
				CLANG_WARN_BLOCK_CAPTURE_AUTORELEASING = YES;
				CLANG_WARN_BOOL_CONVERSION = YES;
				CLANG_WARN_COMMA = YES;
				CLANG_WARN_CONSTANT_CONVERSION = YES;
				CLANG_WARN_DEPRECATED_OBJC_IMPLEMENTATIONS = YES;
				CLANG_WARN_DIRECT_OBJC_ISA_USAGE = YES_ERROR;
				CLANG_WARN_DOCUMENTATION_COMMENTS = YES;
				CLANG_WARN_EMPTY_BODY = YES;
				CLANG_WARN_ENUM_CONVERSION = YES;
				CLANG_WARN_INFINITE_RECURSION = YES;
				CLANG_WARN_INT_CONVERSION = YES;
				CLANG_WARN_NON_LITERAL_NULL_CONVERSION = YES;
				CLANG_WARN_OBJC_IMPLICIT_RETAIN_SELF = YES;
				CLANG_WARN_OBJC_LITERAL_CONVERSION = YES;
				CLANG_WARN_OBJC_ROOT_CLASS = YES_ERROR;
				CLANG_WARN_RANGE_LOOP_ANALYSIS = YES;
				CLANG_WARN_STRICT_PROTOTYPES = YES;
				CLANG_WARN_SUSPICIOUS_MOVE = YES;
				CLANG_WARN_UNGUARDED_AVAILABILITY = YES_AGGRESSIVE;
				CLANG_WARN_UNREACHABLE_CODE = YES;
				CLANG_WARN__DUPLICATE_METHOD_MATCH = YES;
				CODE_SIGN_IDENTITY = "iPhone Developer";
				COPY_PHASE_STRIP = NO;
				DEBUG_INFORMATION_FORMAT = "dwarf-with-dsym";
				ENABLE_NS_ASSERTIONS = NO;
				ENABLE_STRICT_OBJC_MSGSEND = YES;
				GCC_C_LANGUAGE_STANDARD = gnu11;
				GCC_NO_COMMON_BLOCKS = YES;
				GCC_WARN_64_TO_32_BIT_CONVERSION = YES;
				GCC_WARN_ABOUT_RETURN_TYPE = YES_ERROR;
				GCC_WARN_UNDECLARED_SELECTOR = YES;
				GCC_WARN_UNINITIALIZED_AUTOS = YES_AGGRESSIVE;
				GCC_WARN_UNUSED_FUNCTION = YES;
				GCC_WARN_UNUSED_VARIABLE = YES;
				IPHONEOS_DEPLOYMENT_TARGET = 11.4;
				MTL_ENABLE_DEBUG_INFO = NO;
				SDKROOT = iphoneos;
				SWIFT_COMPILATION_MODE = wholemodule;
				SWIFT_OPTIMIZATION_LEVEL = "-O";
				VALIDATE_PRODUCT = YES;
			};
			name = Release;
		};
		518EF03220CFCC65000BE50F /* Debug */ = {
			isa = XCBuildConfiguration;
			buildSettings = {
				ASSETCATALOG_COMPILER_APPICON_NAME = AppIcon;
				CODE_SIGN_STYLE = Automatic;
				DEVELOPMENT_TEAM = L7J3YPAW4L;
				INFOPLIST_FILE = CoordinatorPattern/Info.plist;
				LD_RUNPATH_SEARCH_PATHS = (
					"$(inherited)",
					"@executable_path/Frameworks",
				);
				PRODUCT_BUNDLE_IDENTIFIER = com.fahn.CoordinatorPattern;
				PRODUCT_NAME = "$(TARGET_NAME)";
				SWIFT_VERSION = 4.0;
				TARGETED_DEVICE_FAMILY = "1,2";
			};
			name = Debug;
		};
		518EF03320CFCC65000BE50F /* Release */ = {
			isa = XCBuildConfiguration;
			buildSettings = {
				ASSETCATALOG_COMPILER_APPICON_NAME = AppIcon;
				CODE_SIGN_STYLE = Automatic;
				DEVELOPMENT_TEAM = L7J3YPAW4L;
				INFOPLIST_FILE = CoordinatorPattern/Info.plist;
				LD_RUNPATH_SEARCH_PATHS = (
					"$(inherited)",
					"@executable_path/Frameworks",
				);
				PRODUCT_BUNDLE_IDENTIFIER = com.fahn.CoordinatorPattern;
				PRODUCT_NAME = "$(TARGET_NAME)";
				SWIFT_VERSION = 4.0;
				TARGETED_DEVICE_FAMILY = "1,2";
			};
			name = Release;
		};
/* End XCBuildConfiguration section */

/* Begin XCConfigurationList section */
		518EF00420CFCC61000BE50F /* Build configuration list for PBXProject "CoordinatorPattern" */ = {
			isa = XCConfigurationList;
			buildConfigurations = (
				518EF02F20CFCC65000BE50F /* Debug */,
				518EF03020CFCC65000BE50F /* Release */,
			);
			defaultConfigurationIsVisible = 0;
			defaultConfigurationName = Release;
		};
		518EF03120CFCC65000BE50F /* Build configuration list for PBXNativeTarget "CoordinatorPattern" */ = {
			isa = XCConfigurationList;
			buildConfigurations = (
				518EF03220CFCC65000BE50F /* Debug */,
				518EF03320CFCC65000BE50F /* Release */,
			);
			defaultConfigurationIsVisible = 0;
			defaultConfigurationName = Release;
		};
/* End XCConfigurationList section */
	};
	rootObject = 518EF00120CFCC61000BE50F /* Project object */;
}
